# This file is automatically @generated by Cargo.
# It is not intended for manual editing.
version = 3

[[package]]
name = "byte-unit"
version = "4.0.19"
source = "registry+https://github.com/rust-lang/crates.io-index"
checksum = "da78b32057b8fdfc352504708feeba7216dcd65a2c9ab02978cbd288d1279b6c"
dependencies = [
 "serde",
 "utf8-width",
]

[[package]]
name = "colorful"
version = "0.3.2"
source = "registry+https://github.com/rust-lang/crates.io-index"
checksum = "ffb474a9c3219a8254ead020421ecf1b90427f29b55f6aae9a2471fa62c126ef"

[[package]]
name = "just-fetch"
version = "0.1.4"
dependencies = [
 "colorful",
 "lxinfo",
 "regex-lite",
]

[[package]]
name = "libc"
version = "0.2.158"
source = "registry+https://github.com/rust-lang/crates.io-index"
checksum = "d8adc4bb1803a324070e64a98ae98f38934d91957a99cfb3a43dcbc01bc56439"

[[package]]
name = "lxinfo"
version = "0.1.2"
source = "git+https://github.com/vars1ty/lxinfo.git#1f9a7d0adb7cb6720db55d5effb1eef7e8431e28"
dependencies = [
 "byte-unit",
 "libc",
]

[[package]]
name = "proc-macro2"
version = "1.0.86"
source = "registry+https://github.com/rust-lang/crates.io-index"
checksum = "5e719e8df665df0d1c8fbfd238015744736151d4445ec0836b8e628aae103b77"
dependencies = [
 "unicode-ident",
]

[[package]]
name = "quote"
version = "1.0.37"
source = "registry+https://github.com/rust-lang/crates.io-index"
checksum = "b5b9d34b8991d19d98081b46eacdd8eb58c6f2b201139f7c5f643cc155a633af"
dependencies = [
 "proc-macro2",
]

[[package]]
name = "regex-lite"
version = "0.1.6"
source = "registry+https://github.com/rust-lang/crates.io-index"
checksum = "53a49587ad06b26609c52e423de037e7f57f20d53535d66e08c695f347df952a"

[[package]]
name = "serde"
version = "1.0.210"
source = "registry+https://github.com/rust-lang/crates.io-index"
checksum = "c8e3592472072e6e22e0a54d5904d9febf8508f65fb8552499a1abc7d1078c3a"
dependencies = [
 "serde_derive",
]

[[package]]
name = "serde_derive"
version = "1.0.210"
source = "registry+https://github.com/rust-lang/crates.io-index"
checksum = "243902eda00fad750862fc144cea25caca5e20d615af0a81bee94ca738f1df1f"
dependencies = [
 "proc-macro2",
 "quote",
 "syn",
]

[[package]]
name = "syn"
version = "2.0.77"
source = "registry+https://github.com/rust-lang/crates.io-index"
checksum = "9f35bcdf61fd8e7be6caf75f429fdca8beb3ed76584befb503b1569faee373ed"
dependencies = [
 "proc-macro2",
 "quote",
 "unicode-ident",
]

[[package]]
name = "unicode-ident"
version = "1.0.13"
source = "registry+https://github.com/rust-lang/crates.io-index"
checksum = "e91b56cd4cadaeb79bbf1a5645f6b4f8dc5bde8834ad5894a8db35fda9efa1fe"

[[package]]
name = "utf8-width"
version = "0.1.7"
source = "registry+https://github.com/rust-lang/crates.io-index"
checksum = "86bd8d4e895da8537e5315b8254664e6b769c4ff3db18321b297a1e7004392e3"
